# generated by rye
# use `rye lock` or `rye sync` to update this lockfile
#
# last locked with the following flags:
#   pre: false
#   features: []
#   all-features: true
#   with-sources: false
#   generate-hashes: false

-e file:.
asttokens==2.4.1
    # via stack-data
backports-tarfile==1.2.0
    # via jaraco-context
cachetools==5.3.3
    # via tox
certifi==2024.6.2
    # via requests
cffi==1.16.0
    # via cryptography
chardet==5.2.0
    # via tox
charset-normalizer==3.3.2
    # via requests
colorama==0.4.6
    # via tox
coverage==7.5.3
    # via pytest-cov
cryptography==42.0.8
    # via secretstorage
decorator==5.1.1
    # via ipython
distlib==0.3.8
    # via virtualenv
docutils==0.21.2
    # via readme-renderer
exceptiongroup==1.2.1
    # via ipython
    # via pytest
executing==2.0.1
    # via stack-data
filelock==3.15.1
    # via tox
    # via virtualenv
idna==3.7
    # via requests
importlib-metadata==7.1.0
    # via keyring
    # via twine
iniconfig==2.0.0
    # via pytest
ipython==8.18.1
jaraco-classes==3.4.0
    # via keyring
jaraco-context==5.3.0
    # via keyring
jaraco-functools==4.0.1
    # via keyring
jedi==0.19.1
    # via ipython
jeepney==0.8.0
    # via keyring
    # via secretstorage
keyring==25.2.1
    # via twine
markdown-it-py==3.0.0
    # via rich
matplotlib-inline==0.1.7
    # via ipython
mdurl==0.1.2
    # via markdown-it-py
more-itertools==10.3.0
    # via jaraco-classes
    # via jaraco-functools
mypy==1.10.0
mypy-extensions==1.0.0
    # via mypy
nh3==0.2.17
    # via readme-renderer
packaging==24.1
    # via pyproject-api
    # via pytest
    # via tox
    # via tox-uv
parso==0.8.4
    # via jedi
pexpect==4.9.0
    # via ipython
pkginfo==1.11.1
    # via twine
platformdirs==4.2.2
    # via tox
    # via virtualenv
pluggy==1.5.0
    # via pytest
    # via tox
prompt-toolkit==3.0.47
    # via ipython
ptyprocess==0.7.0
    # via pexpect
pure-eval==0.2.2
    # via stack-data
pycparser==2.22
    # via cffi
pygments==2.18.0
    # via ipython
    # via readme-renderer
    # via rich
pyproject-api==1.6.1
    # via tox
pytest==8.2.2
    # via pytest-asyncio
    # via pytest-cov
    # via pytest-mock
    # via pytest-random-order
pytest-asyncio==0.23.7
pytest-cov==5.0.0
pytest-mock==3.14.0
pytest-random-order==1.1.1
readme-renderer==43.0
    # via twine
requests==2.32.3
    # via requests-toolbelt
    # via twine
requests-toolbelt==1.0.0
    # via twine
rfc3986==2.0.0
    # via twine
rich==13.7.1
    # via twine
ruff==0.4.9
secretstorage==3.3.3
    # via keyring
six==1.16.0
    # via asttokens
stack-data==0.6.3
    # via ipython
tomli==2.0.1
    # via coverage
    # via mypy
    # via pyproject-api
    # via pytest
    # via tox
tox==4.15.1
    # via tox-uv
tox-uv==1.9.0
traitlets==5.14.3
    # via ipython
    # via matplotlib-inline
twine==5.1.0
typing-extensions==4.12.2
    # via ipython
    # via mypy
urllib3==2.2.1
    # via requests
    # via twine
uv==0.2.11
    # via tox-uv
virtualenv==20.26.2
    # via tox
wcwidth==0.2.13
    # via prompt-toolkit
zipp==3.19.2
    # via importlib-metadata
