# generated by rye
# use `rye lock` or `rye sync` to update this lockfile
#
# last locked with the following flags:
#   pre: false
#   features: []
#   all-features: false
#   with-sources: false

-e file:.
annotated-types==0.7.0
    # via pydantic
anyio==4.4.0
    # via starlette
idna==3.7
    # via anyio
pydantic==2.7.4
    # via komodoro
pydantic-core==2.18.4
    # via pydantic
sniffio==1.3.1
    # via anyio
starlette==0.37.2
    # via komodoro
typing-extensions==4.12.2
    # via pydantic
    # via pydantic-core
