# generated by rye
# use `rye lock` or `rye sync` to update this lockfile
#
# last locked with the following flags:
#   pre: false
#   features: []
#   all-features: false
#   with-sources: false
#   generate-hashes: false

-e file:.
black==24.4.2
click==8.1.7
    # via black
contourpy==1.1.1
    # via matplotlib
cycler==0.12.1
    # via matplotlib
fonttools==4.53.0
    # via matplotlib
importlib-resources==6.4.0
    # via matplotlib
jinja2==3.1.4
    # via fardoes
kiwisolver==1.4.5
    # via matplotlib
markupsafe==2.1.5
    # via jinja2
matplotlib==3.7.5
    # via fardoes
mypy-extensions==1.0.0
    # via black
numpy==1.24.4
    # via contourpy
    # via fardoes
    # via matplotlib
packaging==24.1
    # via black
    # via matplotlib
pathspec==0.12.1
    # via black
pillow==10.3.0
    # via matplotlib
platformdirs==4.2.2
    # via black
pyparsing==3.1.2
    # via matplotlib
python-dateutil==2.9.0.post0
    # via matplotlib
six==1.16.0
    # via python-dateutil
tomli==2.0.1
    # via black
typing-extensions==4.12.2
    # via black
zipp==3.19.2
    # via importlib-resources
